
Microsoft Visual Studio Solution File, Format Version 12.00
Project("{FAE04EC0-301F-11D3-BF4B-00C04F79EFBC}") = "uRPC", "uRPC\uRPC.csproj", "{2586A4BB-FDE9-484B-A8FD-2BCE8EB46F61}"
EndProject
Global
	GlobalSection(SolutionConfigurationPlatforms) = preSolution
		Debug|Any CPU = Debug|Any CPU
		Release|Any CPU = Release|Any CPU
	EndGlobalSection
	GlobalSection(ProjectConfigurationPlatforms) = postSolution
		{2586A4BB-FDE9-484B-A8FD-2BCE8EB46F61}.Debug|Any CPU.ActiveCfg = Debug|Any CPU
		{2586A4BB-FDE9-484B-A8FD-2BCE8EB46F61}.Debug|Any CPU.Build.0 = Debug|Any CPU
		{2586A4BB-FDE9-484B-A8FD-2BCE8EB46F61}.Release|Any CPU.ActiveCfg = Release|Any CPU
		{2586A4BB-FDE9-484B-A8FD-2BCE8EB46F61}.Release|Any CPU.Build.0 = Release|Any CPU
	EndGlobalSection
EndGlobal
